
Microsoft Visual Studio Solution File, Format Version 11.00
# Visual Studio 2010
Project("{FAE04EC0-301F-11D3-BF4B-00C04F79EFBC}") = "Projet Journey", "Assembly-CSharp.csproj", "{0F22CB23-4F3D-67D1-C803-58A331E5D905}"
EndProject
Project("{FAE04EC0-301F-11D3-BF4B-00C04F79EFBC}") = "Projet Journey", "Assembly-CSharp-Editor.csproj", "{3AD6990B-4FED-D751-6142-65C18D0F9943}"
EndProject
Global
	GlobalSection(SolutionConfigurationPlatforms) = preSolution
		Debug|Any CPU = Debug|Any CPU
		Release|Any CPU = Release|Any CPU
	EndGlobalSection
	GlobalSection(ProjectConfigurationPlatforms) = postSolution
		{0F22CB23-4F3D-67D1-C803-58A331E5D905}.Debug|Any CPU.ActiveCfg = Debug|Any CPU
		{0F22CB23-4F3D-67D1-C803-58A331E5D905}.Debug|Any CPU.Build.0 = Debug|Any CPU
		{0F22CB23-4F3D-67D1-C803-58A331E5D905}.Release|Any CPU.ActiveCfg = Release|Any CPU
		{0F22CB23-4F3D-67D1-C803-58A331E5D905}.Release|Any CPU.Build.0 = Release|Any CPU
		{3AD6990B-4FED-D751-6142-65C18D0F9943}.Debug|Any CPU.ActiveCfg = Debug|Any CPU
		{3AD6990B-4FED-D751-6142-65C18D0F9943}.Debug|Any CPU.Build.0 = Debug|Any CPU
		{3AD6990B-4FED-D751-6142-65C18D0F9943}.Release|Any CPU.ActiveCfg = Release|Any CPU
		{3AD6990B-4FED-D751-6142-65C18D0F9943}.Release|Any CPU.Build.0 = Release|Any CPU
	EndGlobalSection
	GlobalSection(SolutionProperties) = preSolution
		HideSolutionNode = FALSE
	EndGlobalSection
	GlobalSection(MonoDevelopProperties) = preSolution
		StartupItem = Assembly-CSharp.csproj
	EndGlobalSection
EndGlobal
